
Microsoft Visual Studio Solution File, Format Version 12.00
# Visual Studio Version 17
VisualStudioVersion = 17.6.33801.468
MinimumVisualStudioVersion = 10.0.40219.1
Project("{FAE04EC0-301F-11D3-BF4B-00C04F79EFBC}") = "TelerikMvcAppTestSwitch", "TelerikMvcAppTestSwitch\TelerikMvcAppTestSwitch.csproj", "{B1ADCC44-FA59-4268-80F8-DBB5F7172E65}"
EndProject
Global
	GlobalSection(SolutionConfigurationPlatforms) = preSolution
		Debug|Any CPU = Debug|Any CPU
		Release|Any CPU = Release|Any CPU
	EndGlobalSection
	GlobalSection(ProjectConfigurationPlatforms) = postSolution
		{B1ADCC44-FA59-4268-80F8-DBB5F7172E65}.Debug|Any CPU.ActiveCfg = Debug|Any CPU
		{B1ADCC44-FA59-4268-80F8-DBB5F7172E65}.Debug|Any CPU.Build.0 = Debug|Any CPU
		{B1ADCC44-FA59-4268-80F8-DBB5F7172E65}.Release|Any CPU.ActiveCfg = Release|Any CPU
		{B1ADCC44-FA59-4268-80F8-DBB5F7172E65}.Release|Any CPU.Build.0 = Release|Any CPU
	EndGlobalSection
	GlobalSection(SolutionProperties) = preSolution
		HideSolutionNode = FALSE
	EndGlobalSection
	GlobalSection(ExtensibilityGlobals) = postSolution
		SolutionGuid = {9888F28D-F9A2-4B6D-A2BC-C0E03C8B01E6}
	EndGlobalSection
EndGlobal
